
Microsoft Visual Studio Solution File, Format Version 12.00
# Visual Studio Version 17
VisualStudioVersion = 17.4.33110.190
MinimumVisualStudioVersion = 10.0.40219.1
Project("{FAE04EC0-301F-11D3-BF4B-00C04F79EFBC}") = "GoolGoal.API", "GoolGoal.API\GoolGoal.API.csproj", "{0E2C6710-6383-4D2D-9072-DB8C2A858691}"
EndProject
Global
	GlobalSection(SolutionConfigurationPlatforms) = preSolution
		Debug|Any CPU = Debug|Any CPU
		Release|Any CPU = Release|Any CPU
	EndGlobalSection
	GlobalSection(ProjectConfigurationPlatforms) = postSolution
		{0E2C6710-6383-4D2D-9072-DB8C2A858691}.Debug|Any CPU.ActiveCfg = Debug|Any CPU
		{0E2C6710-6383-4D2D-9072-DB8C2A858691}.Debug|Any CPU.Build.0 = Debug|Any CPU
		{0E2C6710-6383-4D2D-9072-DB8C2A858691}.Release|Any CPU.ActiveCfg = Release|Any CPU
		{0E2C6710-6383-4D2D-9072-DB8C2A858691}.Release|Any CPU.Build.0 = Release|Any CPU
	EndGlobalSection
	GlobalSection(SolutionProperties) = preSolution
		HideSolutionNode = FALSE
	EndGlobalSection
	GlobalSection(ExtensibilityGlobals) = postSolution
		SolutionGuid = {88771B2C-E846-49A4-86EE-D9551C8F1BCC}
	EndGlobalSection
EndGlobal
